
Microsoft Visual Studio Solution File, Format Version 12.00
# Visual Studio Version 17
VisualStudioVersion = 17.7.34031.279
MinimumVisualStudioVersion = 10.0.40219.1
Project("{9A19103F-16F7-4668-BE54-9A1E7A4F7556}") = "YMM_Unmult", "YMM_Unmult\YMM_Unmult.csproj", "{6F99CB0F-8B2F-4C31-ABB4-AA16DF59A37E}"
EndProject
Global
	GlobalSection(SolutionConfigurationPlatforms) = preSolution
		Debug|Any CPU = Debug|Any CPU
		Release|Any CPU = Release|Any CPU
	EndGlobalSection
	GlobalSection(ProjectConfigurationPlatforms) = postSolution
		{6F99CB0F-8B2F-4C31-ABB4-AA16DF59A37E}.Debug|Any CPU.ActiveCfg = Debug|Any CPU
		{6F99CB0F-8B2F-4C31-ABB4-AA16DF59A37E}.Debug|Any CPU.Build.0 = Debug|Any CPU
		{6F99CB0F-8B2F-4C31-ABB4-AA16DF59A37E}.Release|Any CPU.ActiveCfg = Release|Any CPU
		{6F99CB0F-8B2F-4C31-ABB4-AA16DF59A37E}.Release|Any CPU.Build.0 = Release|Any CPU
	EndGlobalSection
	GlobalSection(SolutionProperties) = preSolution
		HideSolutionNode = FALSE
	EndGlobalSection
	GlobalSection(ExtensibilityGlobals) = postSolution
		SolutionGuid = {1A2F8E2D-D9F8-470B-8867-3B30BF4B8702}
	EndGlobalSection
EndGlobal
